
Microsoft Visual Studio Solution File, Format Version 12.00
# Visual Studio Version 16
VisualStudioVersion = 16.0.30413.136
MinimumVisualStudioVersion = 10.0.40219.1
Project("{FAE04EC0-301F-11D3-BF4B-00C04F79EFBC}") = "Blazor.OAuth.Server", "Blazor.OAuth\Server\Blazor.OAuth.Server.csproj", "{2ED9CFA6-A0D5-46C1-A2DF-0153E9EA17F0}"
EndProject
Project("{FAE04EC0-301F-11D3-BF4B-00C04F79EFBC}") = "Blazor.OAuth.Client", "Blazor.OAuth\Client\Blazor.OAuth.Client.csproj", "{9A1EE246-3722-43ED-AF34-14B4D135455D}"
EndProject
Project("{FAE04EC0-301F-11D3-BF4B-00C04F79EFBC}") = "Blazor.OAuth.Shared", "Blazor.OAuth\Shared\Blazor.OAuth.Shared.csproj", "{90996C6F-9384-4EEB-B6DB-A4EE859ACE27}"
EndProject
Global
	GlobalSection(SolutionConfigurationPlatforms) = preSolution
		Debug|Any CPU = Debug|Any CPU
		Release|Any CPU = Release|Any CPU
	EndGlobalSection
	GlobalSection(ProjectConfigurationPlatforms) = postSolution
		{2ED9CFA6-A0D5-46C1-A2DF-0153E9EA17F0}.Debug|Any CPU.ActiveCfg = Debug|Any CPU
		{2ED9CFA6-A0D5-46C1-A2DF-0153E9EA17F0}.Debug|Any CPU.Build.0 = Debug|Any CPU
		{2ED9CFA6-A0D5-46C1-A2DF-0153E9EA17F0}.Release|Any CPU.ActiveCfg = Release|Any CPU
		{2ED9CFA6-A0D5-46C1-A2DF-0153E9EA17F0}.Release|Any CPU.Build.0 = Release|Any CPU
		{9A1EE246-3722-43ED-AF34-14B4D135455D}.Debug|Any CPU.ActiveCfg = Debug|Any CPU
		{9A1EE246-3722-43ED-AF34-14B4D135455D}.Debug|Any CPU.Build.0 = Debug|Any CPU
		{9A1EE246-3722-43ED-AF34-14B4D135455D}.Release|Any CPU.ActiveCfg = Release|Any CPU
		{9A1EE246-3722-43ED-AF34-14B4D135455D}.Release|Any CPU.Build.0 = Release|Any CPU
		{90996C6F-9384-4EEB-B6DB-A4EE859ACE27}.Debug|Any CPU.ActiveCfg = Debug|Any CPU
		{90996C6F-9384-4EEB-B6DB-A4EE859ACE27}.Debug|Any CPU.Build.0 = Debug|Any CPU
		{90996C6F-9384-4EEB-B6DB-A4EE859ACE27}.Release|Any CPU.ActiveCfg = Release|Any CPU
		{90996C6F-9384-4EEB-B6DB-A4EE859ACE27}.Release|Any CPU.Build.0 = Release|Any CPU
	EndGlobalSection
	GlobalSection(SolutionProperties) = preSolution
		HideSolutionNode = FALSE
	EndGlobalSection
	GlobalSection(ExtensibilityGlobals) = postSolution
		SolutionGuid = {ED0AEC56-80E3-44AC-85DB-FAE8D353AB79}
	EndGlobalSection
EndGlobal
